PODS:
  - MoEngage-iOS-SDK (9.8.0)
  - MoEngageCards (4.8.0):
    - MoEngage-iOS-SDK (< 9.9.0, >= 9.8.0)
  - MoEngageInApp (4.8.1):
    - MoEngage-iOS-SDK (< 9.9.0, >= 9.8.0)
  - MoEngageInbox (2.8.1):
    - MoEngage-iOS-SDK (< 9.9.0, >= 9.8.0)
    - MoEngageRichNotification (< 7.9.0, >= 7.8.0)
  - MoEngageRichNotification (7.8.0):
    - MoEngage-iOS-SDK (< 9.9.0, >= 9.8.0)

DEPENDENCIES:
  - MoEngage-iOS-SDK
  - MoEngageCards
  - MoEngageInApp
  - MoEngageInbox
  - MoEngageRichNotification

SPEC REPOS:
  trunk:
    - MoEngage-iOS-SDK
    - MoEngageCards
    - MoEngageInApp
    - MoEngageInbox
    - MoEngageRichNotification

SPEC CHECKSUMS:
  MoEngage-iOS-SDK: df69cdd849b18548b4a1cadebfb7ab7a9b6d92b3
  MoEngageCards: fea1ca091bacddba09b08cfb7ce6985ea3ceb665
  MoEngageInApp: f0ae755165d85099f4ca9091b7ac433c28fe44db
  MoEngageInbox: d7e111ed480281abe539a9f3ec5084e9f7f80656
  MoEngageRichNotification: ef9f1ec806dcc8932a481faa68f89037df6dfc1b

PODFILE CHECKSUM: 871ed3be591f5b355759133a4d14e285fc88125e

COCOAPODS: 1.12.1
